
Microsoft Visual Studio Solution File, Format Version 12.00
# Visual Studio Version 17
VisualStudioVersion = 17.3.32922.545
MinimumVisualStudioVersion = 10.0.40219.1
Project("{FAE04EC0-301F-11D3-BF4B-00C04F79EFBC}") = "TestServer", "TestServer\TestServer.csproj", "{929E7247-F141-4361-9EB8-E58AFA83ED81}"
EndProject
Project("{888888A0-9F3D-457C-B088-3A5042F75D52}") = "PySignalRCoreAsync", "PySignalRCoreAsync\PySignalRCoreAsync.pyproj", "{4AC54959-0981-4CA0-AC74-5F26937AE6DC}"
EndProject
Global
	GlobalSection(SolutionConfigurationPlatforms) = preSolution
		Debug|Any CPU = Debug|Any CPU
		Release|Any CPU = Release|Any CPU
	EndGlobalSection
	GlobalSection(ProjectConfigurationPlatforms) = postSolution
		{929E7247-F141-4361-9EB8-E58AFA83ED81}.Debug|Any CPU.ActiveCfg = Debug|Any CPU
		{929E7247-F141-4361-9EB8-E58AFA83ED81}.Debug|Any CPU.Build.0 = Debug|Any CPU
		{929E7247-F141-4361-9EB8-E58AFA83ED81}.Release|Any CPU.ActiveCfg = Release|Any CPU
		{929E7247-F141-4361-9EB8-E58AFA83ED81}.Release|Any CPU.Build.0 = Release|Any CPU
		{4AC54959-0981-4CA0-AC74-5F26937AE6DC}.Debug|Any CPU.ActiveCfg = Debug|Any CPU
		{4AC54959-0981-4CA0-AC74-5F26937AE6DC}.Release|Any CPU.ActiveCfg = Release|Any CPU
	EndGlobalSection
	GlobalSection(SolutionProperties) = preSolution
		HideSolutionNode = FALSE
	EndGlobalSection
	GlobalSection(ExtensibilityGlobals) = postSolution
		SolutionGuid = {C915B993-0C38-4436-A374-2904302EBEB5}
	EndGlobalSection
EndGlobal
